
Microsoft Visual Studio Solution File, Format Version 12.00
# Visual Studio Version 17
VisualStudioVersion = 17.0.31903.59
MinimumVisualStudioVersion = 10.0.40219.1
Project("{2150E333-8FDC-42A3-9474-1A3956D46DE8}") = "src", "src", "{A6EE3D85-3266-4D0F-8929-8DFD8B6FA389}"
EndProject
Project("{FAE04EC0-301F-11D3-BF4B-00C04F79EFBC}") = "FantaTournament.Domain", "src\FantaTournament.Domain\FantaTournament.Domain.csproj", "{C9C4A498-ABA9-42ED-B7E3-BD5F882E8764}"
EndProject
Project("{FAE04EC0-301F-11D3-BF4B-00C04F79EFBC}") = "FantaTournament.Application", "src\FantaTournament.Application\FantaTournament.Application.csproj", "{EF77EBAF-E098-42CE-A552-005A7003D518}"
EndProject
Project("{FAE04EC0-301F-11D3-BF4B-00C04F79EFBC}") = "FantaTournament.Infrastructure", "src\FantaTournament.Infrastructure\FantaTournament.Infrastructure.csproj", "{4672C712-7D40-4EF6-8A17-AA193F5A5513}"
EndProject
Project("{FAE04EC0-301F-11D3-BF4B-00C04F79EFBC}") = "FantaTournament.Api", "src\FantaTournament.Api\FantaTournament.Api.csproj", "{627A01F5-843C-41E6-8DC3-1A91A0A2C83B}"
EndProject
Project("{2150E333-8FDC-42A3-9474-1A3956D46DE8}") = "Core", "Core", "{A992D157-28F4-4905-819B-1FC90835924C}"
EndProject
Project("{FAE04EC0-301F-11D3-BF4B-00C04F79EFBC}") = "Umbrella.Core", "src\Core\Umbrella.Core\Umbrella.Core.csproj", "{DD30482E-3D33-4EB8-AFB8-B523FBCC8D58}"
EndProject
Project("{2150E333-8FDC-42A3-9474-1A3956D46DE8}") = "tests", "tests", "{20D5C5D3-BD0E-4748-9922-3A8C2215C1F8}"
EndProject
Project("{FAE04EC0-301F-11D3-BF4B-00C04F79EFBC}") = "FantaTournament.Domain.Tests", "src\tests\FantaTournament.Domain.Tests\FantaTournament.Domain.Tests.csproj", "{04174514-E2F6-4AC5-939B-2F89FAAC7C10}"
EndProject
Project("{FAE04EC0-301F-11D3-BF4B-00C04F79EFBC}") = "FantaTournament.Application.Tests", "src\tests\FantaTournament.Application.Tests\FantaTournament.Application.Tests.csproj", "{490F9929-7B4D-4BF0-B1D3-66F28A445868}"
EndProject
Project("{FAE04EC0-301F-11D3-BF4B-00C04F79EFBC}") = "Umbrella.Core.Tests", "src\tests\Umbrella.Core.Tests\Umbrella.Core.Tests.csproj", "{75477FAC-48A7-44E0-90DD-BAEDA4A2EB64}"
EndProject
Project("{FAE04EC0-301F-11D3-BF4B-00C04F79EFBC}") = "FantaTournament.Api.Tests", "src\tests\FantaTournament.Api.Tests\FantaTournament.Api.Tests.csproj", "{21D4ED47-C776-43FB-94D4-A592D8E1E149}"
EndProject
Global
	GlobalSection(SolutionConfigurationPlatforms) = preSolution
		Debug|Any CPU = Debug|Any CPU
		Release|Any CPU = Release|Any CPU
	EndGlobalSection
	GlobalSection(SolutionProperties) = preSolution
		HideSolutionNode = FALSE
	EndGlobalSection
	GlobalSection(ProjectConfigurationPlatforms) = postSolution
		{C9C4A498-ABA9-42ED-B7E3-BD5F882E8764}.Debug|Any CPU.ActiveCfg = Debug|Any CPU
		{C9C4A498-ABA9-42ED-B7E3-BD5F882E8764}.Debug|Any CPU.Build.0 = Debug|Any CPU
		{C9C4A498-ABA9-42ED-B7E3-BD5F882E8764}.Release|Any CPU.ActiveCfg = Release|Any CPU
		{C9C4A498-ABA9-42ED-B7E3-BD5F882E8764}.Release|Any CPU.Build.0 = Release|Any CPU
		{EF77EBAF-E098-42CE-A552-005A7003D518}.Debug|Any CPU.ActiveCfg = Debug|Any CPU
		{EF77EBAF-E098-42CE-A552-005A7003D518}.Debug|Any CPU.Build.0 = Debug|Any CPU
		{EF77EBAF-E098-42CE-A552-005A7003D518}.Release|Any CPU.ActiveCfg = Release|Any CPU
		{EF77EBAF-E098-42CE-A552-005A7003D518}.Release|Any CPU.Build.0 = Release|Any CPU
		{4672C712-7D40-4EF6-8A17-AA193F5A5513}.Debug|Any CPU.ActiveCfg = Debug|Any CPU
		{4672C712-7D40-4EF6-8A17-AA193F5A5513}.Debug|Any CPU.Build.0 = Debug|Any CPU
		{4672C712-7D40-4EF6-8A17-AA193F5A5513}.Release|Any CPU.ActiveCfg = Release|Any CPU
		{4672C712-7D40-4EF6-8A17-AA193F5A5513}.Release|Any CPU.Build.0 = Release|Any CPU
		{627A01F5-843C-41E6-8DC3-1A91A0A2C83B}.Debug|Any CPU.ActiveCfg = Debug|Any CPU
		{627A01F5-843C-41E6-8DC3-1A91A0A2C83B}.Debug|Any CPU.Build.0 = Debug|Any CPU
		{627A01F5-843C-41E6-8DC3-1A91A0A2C83B}.Release|Any CPU.ActiveCfg = Release|Any CPU
		{627A01F5-843C-41E6-8DC3-1A91A0A2C83B}.Release|Any CPU.Build.0 = Release|Any CPU
		{DD30482E-3D33-4EB8-AFB8-B523FBCC8D58}.Debug|Any CPU.ActiveCfg = Debug|Any CPU
		{DD30482E-3D33-4EB8-AFB8-B523FBCC8D58}.Debug|Any CPU.Build.0 = Debug|Any CPU
		{DD30482E-3D33-4EB8-AFB8-B523FBCC8D58}.Release|Any CPU.ActiveCfg = Release|Any CPU
		{DD30482E-3D33-4EB8-AFB8-B523FBCC8D58}.Release|Any CPU.Build.0 = Release|Any CPU
		{04174514-E2F6-4AC5-939B-2F89FAAC7C10}.Debug|Any CPU.ActiveCfg = Debug|Any CPU
		{04174514-E2F6-4AC5-939B-2F89FAAC7C10}.Debug|Any CPU.Build.0 = Debug|Any CPU
		{04174514-E2F6-4AC5-939B-2F89FAAC7C10}.Release|Any CPU.ActiveCfg = Release|Any CPU
		{04174514-E2F6-4AC5-939B-2F89FAAC7C10}.Release|Any CPU.Build.0 = Release|Any CPU
		{490F9929-7B4D-4BF0-B1D3-66F28A445868}.Debug|Any CPU.ActiveCfg = Debug|Any CPU
		{490F9929-7B4D-4BF0-B1D3-66F28A445868}.Debug|Any CPU.Build.0 = Debug|Any CPU
		{490F9929-7B4D-4BF0-B1D3-66F28A445868}.Release|Any CPU.ActiveCfg = Release|Any CPU
		{490F9929-7B4D-4BF0-B1D3-66F28A445868}.Release|Any CPU.Build.0 = Release|Any CPU
		{75477FAC-48A7-44E0-90DD-BAEDA4A2EB64}.Debug|Any CPU.ActiveCfg = Debug|Any CPU
		{75477FAC-48A7-44E0-90DD-BAEDA4A2EB64}.Debug|Any CPU.Build.0 = Debug|Any CPU
		{75477FAC-48A7-44E0-90DD-BAEDA4A2EB64}.Release|Any CPU.ActiveCfg = Release|Any CPU
		{75477FAC-48A7-44E0-90DD-BAEDA4A2EB64}.Release|Any CPU.Build.0 = Release|Any CPU
		{21D4ED47-C776-43FB-94D4-A592D8E1E149}.Debug|Any CPU.ActiveCfg = Debug|Any CPU
		{21D4ED47-C776-43FB-94D4-A592D8E1E149}.Debug|Any CPU.Build.0 = Debug|Any CPU
		{21D4ED47-C776-43FB-94D4-A592D8E1E149}.Release|Any CPU.ActiveCfg = Release|Any CPU
		{21D4ED47-C776-43FB-94D4-A592D8E1E149}.Release|Any CPU.Build.0 = Release|Any CPU
	EndGlobalSection
	GlobalSection(NestedProjects) = preSolution
		{C9C4A498-ABA9-42ED-B7E3-BD5F882E8764} = {A6EE3D85-3266-4D0F-8929-8DFD8B6FA389}
		{EF77EBAF-E098-42CE-A552-005A7003D518} = {A6EE3D85-3266-4D0F-8929-8DFD8B6FA389}
		{4672C712-7D40-4EF6-8A17-AA193F5A5513} = {A6EE3D85-3266-4D0F-8929-8DFD8B6FA389}
		{627A01F5-843C-41E6-8DC3-1A91A0A2C83B} = {A6EE3D85-3266-4D0F-8929-8DFD8B6FA389}
		{A992D157-28F4-4905-819B-1FC90835924C} = {A6EE3D85-3266-4D0F-8929-8DFD8B6FA389}
		{DD30482E-3D33-4EB8-AFB8-B523FBCC8D58} = {A992D157-28F4-4905-819B-1FC90835924C}
		{20D5C5D3-BD0E-4748-9922-3A8C2215C1F8} = {A6EE3D85-3266-4D0F-8929-8DFD8B6FA389}
		{04174514-E2F6-4AC5-939B-2F89FAAC7C10} = {20D5C5D3-BD0E-4748-9922-3A8C2215C1F8}
		{490F9929-7B4D-4BF0-B1D3-66F28A445868} = {20D5C5D3-BD0E-4748-9922-3A8C2215C1F8}
		{75477FAC-48A7-44E0-90DD-BAEDA4A2EB64} = {20D5C5D3-BD0E-4748-9922-3A8C2215C1F8}
		{21D4ED47-C776-43FB-94D4-A592D8E1E149} = {20D5C5D3-BD0E-4748-9922-3A8C2215C1F8}
	EndGlobalSection
EndGlobal
