Microsoft Visual Studio Solution File, Format Version 12.00
# Visual Studio Version 17
VisualStudioVersion = 17.5.2.0
MinimumVisualStudioVersion = 10.0.40219.1
Project("{2150E333-8FDC-42A3-9474-1A3956D46DE8}") = "src", "src", "{827E0CD3-B72D-47B6-A68D-7590B98EB39B}"
EndProject
Project("{FAE04EC0-301F-11D3-BF4B-00C04F79EFBC}") = "FantaTournament.Application", "src\FantaTournament.Application\FantaTournament.Application.csproj", "{6C6CB646-5E65-FBF5-B7EC-0EEB2053AC8B}"
EndProject
Project("{FAE04EC0-301F-11D3-BF4B-00C04F79EFBC}") = "FantaTournament.Domain", "src\FantaTournament.Domain\FantaTournament.Domain.csproj", "{A582B937-ACBD-C6B7-CA72-4033D55056B4}"
EndProject
Project("{FAE04EC0-301F-11D3-BF4B-00C04F79EFBC}") = "FantaTournament.Infrastructure", "src\FantaTournament.Infrastructure\FantaTournament.Infrastructure.csproj", "{6FAE4F71-D17B-F1FD-8C99-961D73BA1D55}"
EndProject
Project("{FAE04EC0-301F-11D3-BF4B-00C04F79EFBC}") = "FantaTournament.Persistance", "src\FantaTournament.Persistance\FantaTournament.Persistance.csproj", "{0FD2C34F-CA78-5212-ADB0-CD8DA06341BE}"
EndProject
Project("{FAE04EC0-301F-11D3-BF4B-00C04F79EFBC}") = "Umbrella.Core", "src\Umbrella.Core\Umbrella.Core.csproj", "{F7ABD404-CBCA-64FB-3D57-594E14331E84}"
EndProject
Global
	GlobalSection(SolutionConfigurationPlatforms) = preSolution
		Debug|Any CPU = Debug|Any CPU
		Release|Any CPU = Release|Any CPU
	EndGlobalSection
	GlobalSection(ProjectConfigurationPlatforms) = postSolution
		{6C6CB646-5E65-FBF5-B7EC-0EEB2053AC8B}.Debug|Any CPU.ActiveCfg = Debug|Any CPU
		{6C6CB646-5E65-FBF5-B7EC-0EEB2053AC8B}.Debug|Any CPU.Build.0 = Debug|Any CPU
		{6C6CB646-5E65-FBF5-B7EC-0EEB2053AC8B}.Release|Any CPU.ActiveCfg = Release|Any CPU
		{6C6CB646-5E65-FBF5-B7EC-0EEB2053AC8B}.Release|Any CPU.Build.0 = Release|Any CPU
		{A582B937-ACBD-C6B7-CA72-4033D55056B4}.Debug|Any CPU.ActiveCfg = Debug|Any CPU
		{A582B937-ACBD-C6B7-CA72-4033D55056B4}.Debug|Any CPU.Build.0 = Debug|Any CPU
		{A582B937-ACBD-C6B7-CA72-4033D55056B4}.Release|Any CPU.ActiveCfg = Release|Any CPU
		{A582B937-ACBD-C6B7-CA72-4033D55056B4}.Release|Any CPU.Build.0 = Release|Any CPU
		{6FAE4F71-D17B-F1FD-8C99-961D73BA1D55}.Debug|Any CPU.ActiveCfg = Debug|Any CPU
		{6FAE4F71-D17B-F1FD-8C99-961D73BA1D55}.Debug|Any CPU.Build.0 = Debug|Any CPU
		{6FAE4F71-D17B-F1FD-8C99-961D73BA1D55}.Release|Any CPU.ActiveCfg = Release|Any CPU
		{6FAE4F71-D17B-F1FD-8C99-961D73BA1D55}.Release|Any CPU.Build.0 = Release|Any CPU
		{0FD2C34F-CA78-5212-ADB0-CD8DA06341BE}.Debug|Any CPU.ActiveCfg = Debug|Any CPU
		{0FD2C34F-CA78-5212-ADB0-CD8DA06341BE}.Debug|Any CPU.Build.0 = Debug|Any CPU
		{0FD2C34F-CA78-5212-ADB0-CD8DA06341BE}.Release|Any CPU.ActiveCfg = Release|Any CPU
		{0FD2C34F-CA78-5212-ADB0-CD8DA06341BE}.Release|Any CPU.Build.0 = Release|Any CPU
		{F7ABD404-CBCA-64FB-3D57-594E14331E84}.Debug|Any CPU.ActiveCfg = Debug|Any CPU
		{F7ABD404-CBCA-64FB-3D57-594E14331E84}.Debug|Any CPU.Build.0 = Debug|Any CPU
		{F7ABD404-CBCA-64FB-3D57-594E14331E84}.Release|Any CPU.ActiveCfg = Release|Any CPU
		{F7ABD404-CBCA-64FB-3D57-594E14331E84}.Release|Any CPU.Build.0 = Release|Any CPU
	EndGlobalSection
	GlobalSection(SolutionProperties) = preSolution
		HideSolutionNode = FALSE
	EndGlobalSection
	GlobalSection(NestedProjects) = preSolution
		{6C6CB646-5E65-FBF5-B7EC-0EEB2053AC8B} = {827E0CD3-B72D-47B6-A68D-7590B98EB39B}
		{A582B937-ACBD-C6B7-CA72-4033D55056B4} = {827E0CD3-B72D-47B6-A68D-7590B98EB39B}
		{6FAE4F71-D17B-F1FD-8C99-961D73BA1D55} = {827E0CD3-B72D-47B6-A68D-7590B98EB39B}
		{0FD2C34F-CA78-5212-ADB0-CD8DA06341BE} = {827E0CD3-B72D-47B6-A68D-7590B98EB39B}
		{F7ABD404-CBCA-64FB-3D57-594E14331E84} = {827E0CD3-B72D-47B6-A68D-7590B98EB39B}
	EndGlobalSection
	GlobalSection(ExtensibilityGlobals) = postSolution
		SolutionGuid = {719EE72E-37D9-4FD8-BE54-40F5B369E4C9}
	EndGlobalSection
EndGlobal
